// !$*UTF8*$!
{
	archiveVersion = 1;
	classes = {
	};
	objectVersion = 77;
	objects = {

/* Begin PBXContainerItemProxy section */
		42C577652DA6C1F900339D92 /* PBXContainerItemProxy */ = {
			isa = PBXContainerItemProxy;
			containerPortal = 42C5774C2DA6C1F600339D92 /* Project object */;
			proxyType = 1;
			remoteGlobalIDString = 42C577532DA6C1F600339D92;
			remoteInfo = GalaxyMovies;
		};
		42C5776F2DA6C1F900339D92 /* PBXContainerItemProxy */ = {
			isa = PBXContainerItemProxy;
			containerPortal = 42C5774C2DA6C1F600339D92 /* Project object */;
			proxyType = 1;
			remoteGlobalIDString = 42C577532DA6C1F600339D92;
			remoteInfo = GalaxyMovies;
		};
/* End PBXContainerItemProxy section */

/* Begin PBXFileReference section */
		42C577542DA6C1F600339D92 /* GalaxyMovies.app */ = {isa = PBXFileReference; explicitFileType = wrapper.application; includeInIndex = 0; path = GalaxyMovies.app; sourceTree = BUILT_PRODUCTS_DIR; };
		42C577642DA6C1F900339D92 /* GalaxyMoviesTests.xctest */ = {isa = PBXFileReference; explicitFileType = wrapper.cfbundle; includeInIndex = 0; path = GalaxyMoviesTests.xctest; sourceTree = BUILT_PRODUCTS_DIR; };
		42C5776E2DA6C1F900339D92 /* GalaxyMoviesUITests.xctest */ = {isa = PBXFileReference; explicitFileType = wrapper.cfbundle; includeInIndex = 0; path = GalaxyMoviesUITests.xctest; sourceTree = BUILT_PRODUCTS_DIR; };
/* End PBXFileReference section */

/* Begin PBXFileSystemSynchronizedRootGroup section */
		42C577562DA6C1F600339D92 /* GalaxyMovies */ = {
			isa = PBXFileSystemSynchronizedRootGroup;
			path = GalaxyMovies;
			sourceTree = "<group>";
		};
		42C577672DA6C1F900339D92 /* GalaxyMoviesTests */ = {
			isa = PBXFileSystemSynchronizedRootGroup;
			path = GalaxyMoviesTests;
			sourceTree = "<group>";
		};
		42C577712DA6C1F900339D92 /* GalaxyMoviesUITests */ = {
			isa = PBXFileSystemSynchronizedRootGroup;
			path = GalaxyMoviesUITests;
			sourceTree = "<group>";
		};
/* End PBXFileSystemSynchronizedRootGroup section */

/* Begin PBXFrameworksBuildPhase section */
		42C577512DA6C1F600339D92 /* Frameworks */ = {
			isa = PBXFrameworksBuildPhase;
			buildActionMask = 2147483647;
			files = (
			);
			runOnlyForDeploymentPostprocessing = 0;
		};
		42C577612DA6C1F900339D92 /* Frameworks */ = {
			isa = PBXFrameworksBuildPhase;
			buildActionMask = 2147483647;
			files = (
			);
			runOnlyForDeploymentPostprocessing = 0;
		};
		42C5776B2DA6C1F900339D92 /* Frameworks */ = {
			isa = PBXFrameworksBuildPhase;
			buildActionMask = 2147483647;
			files = (
			);
			runOnlyForDeploymentPostprocessing = 0;
		};
/* End PBXFrameworksBuildPhase section */

/* Begin PBXGroup section */
		42C5774B2DA6C1F600339D92 = {
			isa = PBXGroup;
			children = (
				42C577562DA6C1F600339D92 /* GalaxyMovies */,
				42C577672DA6C1F900339D92 /* GalaxyMoviesTests */,
				42C577712DA6C1F900339D92 /* GalaxyMoviesUITests */,
				42C577552DA6C1F600339D92 /* Products */,
			);
			sourceTree = "<group>";
		};
		42C577552DA6C1F600339D92 /* Products */ = {
			isa = PBXGroup;
			children = (
				42C577542DA6C1F600339D92 /* GalaxyMovies.app */,
				42C577642DA6C1F900339D92 /* GalaxyMoviesTests.xctest */,
				42C5776E2DA6C1F900339D92 /* GalaxyMoviesUITests.xctest */,
			);
			name = Products;
			sourceTree = "<group>";
		};
/* End PBXGroup section */

/* Begin PBXNativeTarget section */
		42C577532DA6C1F600339D92 /* GalaxyMovies */ = {
			isa = PBXNativeTarget;
			buildConfigurationList = 42C577782DA6C1F900339D92 /* Build configuration list for PBXNativeTarget "GalaxyMovies" */;
			buildPhases = (
				42C577502DA6C1F600339D92 /* Sources */,
				42C577512DA6C1F600339D92 /* Frameworks */,
				42C577522DA6C1F600339D92 /* Resources */,
			);
			buildRules = (
			);
			dependencies = (
			);
			fileSystemSynchronizedGroups = (
				42C577562DA6C1F600339D92 /* GalaxyMovies */,
			);
			name = GalaxyMovies;
			packageProductDependencies = (
			);
			productName = GalaxyMovies;
			productReference = 42C577542DA6C1F600339D92 /* GalaxyMovies.app */;
			productType = "com.apple.product-type.application";
		};
		42C577632DA6C1F900339D92 /* GalaxyMoviesTests */ = {
			isa = PBXNativeTarget;
			buildConfigurationList = 42C5777B2DA6C1F900339D92 /* Build configuration list for PBXNativeTarget "GalaxyMoviesTests" */;
			buildPhases = (
				42C577602DA6C1F900339D92 /* Sources */,
				42C577612DA6C1F900339D92 /* Frameworks */,
				42C577622DA6C1F900339D92 /* Resources */,
			);
			buildRules = (
			);
			dependencies = (
				42C577662DA6C1F900339D92 /* PBXTargetDependency */,
			);
			fileSystemSynchronizedGroups = (
				42C577672DA6C1F900339D92 /* GalaxyMoviesTests */,
			);
			name = GalaxyMoviesTests;
			packageProductDependencies = (
			);
			productName = GalaxyMoviesTests;
			productReference = 42C577642DA6C1F900339D92 /* GalaxyMoviesTests.xctest */;
			productType = "com.apple.product-type.bundle.unit-test";
		};
		42C5776D2DA6C1F900339D92 /* GalaxyMoviesUITests */ = {
			isa = PBXNativeTarget;
			buildConfigurationList = 42C5777E2DA6C1F900339D92 /* Build configuration list for PBXNativeTarget "GalaxyMoviesUITests" */;
			buildPhases = (
				42C5776A2DA6C1F900339D92 /* Sources */,
				42C5776B2DA6C1F900339D92 /* Frameworks */,
				42C5776C2DA6C1F900339D92 /* Resources */,
			);
			buildRules = (
			);
			dependencies = (
				42C577702DA6C1F900339D92 /* PBXTargetDependency */,
			);
			fileSystemSynchronizedGroups = (
				42C577712DA6C1F900339D92 /* GalaxyMoviesUITests */,
			);
			name = GalaxyMoviesUITests;
			packageProductDependencies = (
			);
			productName = GalaxyMoviesUITests;
			productReference = 42C5776E2DA6C1F900339D92 /* GalaxyMoviesUITests.xctest */;
			productType = "com.apple.product-type.bundle.ui-testing";
		};
/* End PBXNativeTarget section */

/* Begin PBXProject section */
		42C5774C2DA6C1F600339D92 /* Project object */ = {
			isa = PBXProject;
			attributes = {
				BuildIndependentTargetsInParallel = 1;
				LastSwiftUpdateCheck = 1600;
				LastUpgradeCheck = 1600;
				TargetAttributes = {
					42C577532DA6C1F600339D92 = {
						CreatedOnToolsVersion = 16.0;
					};
					42C577632DA6C1F900339D92 = {
						CreatedOnToolsVersion = 16.0;
						TestTargetID = 42C577532DA6C1F600339D92;
					};
					42C5776D2DA6C1F900339D92 = {
						CreatedOnToolsVersion = 16.0;
						TestTargetID = 42C577532DA6C1F600339D92;
					};
				};
			};
			buildConfigurationList = 42C5774F2DA6C1F600339D92 /* Build configuration list for PBXProject "GalaxyMovies" */;
			developmentRegion = en;
			hasScannedForEncodings = 0;
			knownRegions = (
				en,
				Base,
			);
			mainGroup = 42C5774B2DA6C1F600339D92;
			minimizedProjectReferenceProxies = 1;
			preferredProjectObjectVersion = 77;
			productRefGroup = 42C577552DA6C1F600339D92 /* Products */;
			projectDirPath = "";
			projectRoot = "";
			targets = (
				42C577532DA6C1F600339D92 /* GalaxyMovies */,
				42C577632DA6C1F900339D92 /* GalaxyMoviesTests */,
				42C5776D2DA6C1F900339D92 /* GalaxyMoviesUITests */,
			);
		};
/* End PBXProject section */

/* Begin PBXResourcesBuildPhase section */
		42C577522DA6C1F600339D92 /* Resources */ = {
			isa = PBXResourcesBuildPhase;
			buildActionMask = 2147483647;
			files = (
			);
			runOnlyForDeploymentPostprocessing = 0;
		};
		42C577622DA6C1F900339D92 /* Resources */ = {
			isa = PBXResourcesBuildPhase;
			buildActionMask = 2147483647;
			files = (
			);
			runOnlyForDeploymentPostprocessing = 0;
		};
		42C5776C2DA6C1F900339D92 /* Resources */ = {
			isa = PBXResourcesBuildPhase;
			buildActionMask = 2147483647;
			files = (
			);
			runOnlyForDeploymentPostprocessing = 0;
		};
/* End PBXResourcesBuildPhase section */

/* Begin PBXSourcesBuildPhase section */
		42C577502DA6C1F600339D92 /* Sources */ = {
			isa = PBXSourcesBuildPhase;
			buildActionMask = 2147483647;
			files = (
			);
			runOnlyForDeploymentPostprocessing = 0;
		};
		42C577602DA6C1F900339D92 /* Sources */ = {
			isa = PBXSourcesBuildPhase;
			buildActionMask = 2147483647;
			files = (
			);
			runOnlyForDeploymentPostprocessing = 0;
		};
		42C5776A2DA6C1F900339D92 /* Sources */ = {
			isa = PBXSourcesBuildPhase;
			buildActionMask = 2147483647;
			files = (
			);
			runOnlyForDeploymentPostprocessing = 0;
		};
/* End PBXSourcesBuildPhase section */

/* Begin PBXTargetDependency section */
		42C577662DA6C1F900339D92 /* PBXTargetDependency */ = {
			isa = PBXTargetDependency;
			target = 42C577532DA6C1F600339D92 /* GalaxyMovies */;
			targetProxy = 42C577652DA6C1F900339D92 /* PBXContainerItemProxy */;
		};
		42C577702DA6C1F900339D92 /* PBXTargetDependency */ = {
			isa = PBXTargetDependency;
			target = 42C577532DA6C1F600339D92 /* GalaxyMovies */;
			targetProxy = 42C5776F2DA6C1F900339D92 /* PBXContainerItemProxy */;
		};
/* End PBXTargetDependency section */

/* Begin XCBuildConfiguration section */
		42C577762DA6C1F900339D92 /* Debug */ = {
			isa = XCBuildConfiguration;
			buildSettings = {
				ALWAYS_SEARCH_USER_PATHS = NO;
				ASSETCATALOG_COMPILER_GENERATE_SWIFT_ASSET_SYMBOL_EXTENSIONS = YES;
				CLANG_ANALYZER_NONNULL = YES;
				CLANG_ANALYZER_NUMBER_OBJECT_CONVERSION = YES_AGGRESSIVE;
				CLANG_CXX_LANGUAGE_STANDARD = "gnu++20";
				CLANG_ENABLE_MODULES = YES;
				CLANG_ENABLE_OBJC_ARC = YES;
				CLANG_ENABLE_OBJC_WEAK = YES;
				CLANG_WARN_BLOCK_CAPTURE_AUTORELEASING = YES;
				CLANG_WARN_BOOL_CONVERSION = YES;
				CLANG_WARN_COMMA = YES;
				CLANG_WARN_CONSTANT_CONVERSION = YES;
				CLANG_WARN_DEPRECATED_OBJC_IMPLEMENTATIONS = YES;
				CLANG_WARN_DIRECT_OBJC_ISA_USAGE = YES_ERROR;
				CLANG_WARN_DOCUMENTATION_COMMENTS = YES;
				CLANG_WARN_EMPTY_BODY = YES;
				CLANG_WARN_ENUM_CONVERSION = YES;
				CLANG_WARN_INFINITE_RECURSION = YES;
				CLANG_WARN_INT_CONVERSION = YES;
				CLANG_WARN_NON_LITERAL_NULL_CONVERSION = YES;
				CLANG_WARN_OBJC_IMPLICIT_RETAIN_SELF = YES;
				CLANG_WARN_OBJC_LITERAL_CONVERSION = YES;
				CLANG_WARN_OBJC_ROOT_CLASS = YES_ERROR;
				CLANG_WARN_QUOTED_INCLUDE_IN_FRAMEWORK_HEADER = YES;
				CLANG_WARN_RANGE_LOOP_ANALYSIS = YES;
				CLANG_WARN_STRICT_PROTOTYPES = YES;
				CLANG_WARN_SUSPICIOUS_MOVE = YES;
				CLANG_WARN_UNGUARDED_AVAILABILITY = YES_AGGRESSIVE;
				CLANG_WARN_UNREACHABLE_CODE = YES;
				CLANG_WARN__DUPLICATE_METHOD_MATCH = YES;
				COPY_PHASE_STRIP = NO;
				DEBUG_INFORMATION_FORMAT = dwarf;
				ENABLE_STRICT_OBJC_MSGSEND = YES;
				ENABLE_TESTABILITY = YES;
				ENABLE_USER_SCRIPT_SANDBOXING = YES;
				GCC_C_LANGUAGE_STANDARD = gnu17;
				GCC_DYNAMIC_NO_PIC = NO;
				GCC_NO_COMMON_BLOCKS = YES;
				GCC_OPTIMIZATION_LEVEL = 0;
				GCC_PREPROCESSOR_DEFINITIONS = (
					"DEBUG=1",
					"$(inherited)",
				);
				GCC_WARN_64_TO_32_BIT_CONVERSION = YES;
				GCC_WARN_ABOUT_RETURN_TYPE = YES_ERROR;
				GCC_WARN_UNDECLARED_SELECTOR = YES;
				GCC_WARN_UNINITIALIZED_AUTOS = YES_AGGRESSIVE;
				GCC_WARN_UNUSED_FUNCTION = YES;
				GCC_WARN_UNUSED_VARIABLE = YES;
				IPHONEOS_DEPLOYMENT_TARGET = 18.0;
				LOCALIZATION_PREFERS_STRING_CATALOGS = YES;
				MTL_ENABLE_DEBUG_INFO = INCLUDE_SOURCE;
				MTL_FAST_MATH = YES;
				ONLY_ACTIVE_ARCH = YES;
				SDKROOT = iphoneos;
				SWIFT_ACTIVE_COMPILATION_CONDITIONS = "DEBUG $(inherited)";
				SWIFT_OPTIMIZATION_LEVEL = "-Onone";
			};
			name = Debug;
		};
		42C577772DA6C1F900339D92 /* Release */ = {
			isa = XCBuildConfiguration;
			buildSettings = {
				ALWAYS_SEARCH_USER_PATHS = NO;
				ASSETCATALOG_COMPILER_GENERATE_SWIFT_ASSET_SYMBOL_EXTENSIONS = YES;
				CLANG_ANALYZER_NONNULL = YES;
				CLANG_ANALYZER_NUMBER_OBJECT_CONVERSION = YES_AGGRESSIVE;
				CLANG_CXX_LANGUAGE_STANDARD = "gnu++20";
				CLANG_ENABLE_MODULES = YES;
				CLANG_ENABLE_OBJC_ARC = YES;
				CLANG_ENABLE_OBJC_WEAK = YES;
				CLANG_WARN_BLOCK_CAPTURE_AUTORELEASING = YES;
				CLANG_WARN_BOOL_CONVERSION = YES;
				CLANG_WARN_COMMA = YES;
				CLANG_WARN_CONSTANT_CONVERSION = YES;
				CLANG_WARN_DEPRECATED_OBJC_IMPLEMENTATIONS = YES;
				CLANG_WARN_DIRECT_OBJC_ISA_USAGE = YES_ERROR;
				CLANG_WARN_DOCUMENTATION_COMMENTS = YES;
				CLANG_WARN_EMPTY_BODY = YES;
				CLANG_WARN_ENUM_CONVERSION = YES;
				CLANG_WARN_INFINITE_RECURSION = YES;
				CLANG_WARN_INT_CONVERSION = YES;
				CLANG_WARN_NON_LITERAL_NULL_CONVERSION = YES;
				CLANG_WARN_OBJC_IMPLICIT_RETAIN_SELF = YES;
				CLANG_WARN_OBJC_LITERAL_CONVERSION = YES;
				CLANG_WARN_OBJC_ROOT_CLASS = YES_ERROR;
				CLANG_WARN_QUOTED_INCLUDE_IN_FRAMEWORK_HEADER = YES;
				CLANG_WARN_RANGE_LOOP_ANALYSIS = YES;
				CLANG_WARN_STRICT_PROTOTYPES = YES;
				CLANG_WARN_SUSPICIOUS_MOVE = YES;
				CLANG_WARN_UNGUARDED_AVAILABILITY = YES_AGGRESSIVE;
				CLANG_WARN_UNREACHABLE_CODE = YES;
				CLANG_WARN__DUPLICATE_METHOD_MATCH = YES;
				COPY_PHASE_STRIP = NO;
				DEBUG_INFORMATION_FORMAT = "dwarf-with-dsym";
				ENABLE_NS_ASSERTIONS = NO;
				ENABLE_STRICT_OBJC_MSGSEND = YES;
				ENABLE_USER_SCRIPT_SANDBOXING = YES;
				GCC_C_LANGUAGE_STANDARD = gnu17;
				GCC_NO_COMMON_BLOCKS = YES;
				GCC_WARN_64_TO_32_BIT_CONVERSION = YES;
				GCC_WARN_ABOUT_RETURN_TYPE = YES_ERROR;
				GCC_WARN_UNDECLARED_SELECTOR = YES;
				GCC_WARN_UNINITIALIZED_AUTOS = YES_AGGRESSIVE;
				GCC_WARN_UNUSED_FUNCTION = YES;
				GCC_WARN_UNUSED_VARIABLE = YES;
				IPHONEOS_DEPLOYMENT_TARGET = 18.0;
				LOCALIZATION_PREFERS_STRING_CATALOGS = YES;
				MTL_ENABLE_DEBUG_INFO = NO;
				MTL_FAST_MATH = YES;
				SDKROOT = iphoneos;
				SWIFT_COMPILATION_MODE = wholemodule;
				VALIDATE_PRODUCT = YES;
			};
			name = Release;
		};
		42C577792DA6C1F900339D92 /* Debug */ = {
			isa = XCBuildConfiguration;
			buildSettings = {
				ASSETCATALOG_COMPILER_APPICON_NAME = AppIcon;
				ASSETCATALOG_COMPILER_GLOBAL_ACCENT_COLOR_NAME = AccentColor;
				CODE_SIGN_STYLE = Automatic;
				CURRENT_PROJECT_VERSION = 1;
				DEVELOPMENT_ASSET_PATHS = "\"GalaxyMovies/Preview Content\"";
				DEVELOPMENT_TEAM = CTDN3273R3;
				ENABLE_PREVIEWS = YES;
				GENERATE_INFOPLIST_FILE = YES;
				INFOPLIST_KEY_UIApplicationSceneManifest_Generation = YES;
				INFOPLIST_KEY_UIApplicationSupportsIndirectInputEvents = YES;
				INFOPLIST_KEY_UILaunchScreen_Generation = YES;
				INFOPLIST_KEY_UISupportedInterfaceOrientations_iPad = "UIInterfaceOrientationPortrait UIInterfaceOrientationPortraitUpsideDown UIInterfaceOrientationLandscapeLeft UIInterfaceOrientationLandscapeRight";
				INFOPLIST_KEY_UISupportedInterfaceOrientations_iPhone = "UIInterfaceOrientationPortrait UIInterfaceOrientationLandscapeLeft UIInterfaceOrientationLandscapeRight";
				LD_RUNPATH_SEARCH_PATHS = (
					"$(inherited)",
					"@executable_path/Frameworks",
				);
				MARKETING_VERSION = 1.0;
				PRODUCT_BUNDLE_IDENTIFIER = com.vhenriquebm.GalaxyMovies.GalaxyMovies;
				PRODUCT_NAME = "$(TARGET_NAME)";
				SWIFT_EMIT_LOC_STRINGS = YES;
				SWIFT_VERSION = 5.0;
				TARGETED_DEVICE_FAMILY = "1,2";
			};
			name = Debug;
		};
		42C5777A2DA6C1F900339D92 /* Release */ = {
			isa = XCBuildConfiguration;
			buildSettings = {
				ASSETCATALOG_COMPILER_APPICON_NAME = AppIcon;
				ASSETCATALOG_COMPILER_GLOBAL_ACCENT_COLOR_NAME = AccentColor;
				CODE_SIGN_STYLE = Automatic;
				CURRENT_PROJECT_VERSION = 1;
				DEVELOPMENT_ASSET_PATHS = "\"GalaxyMovies/Preview Content\"";
				DEVELOPMENT_TEAM = CTDN3273R3;
				ENABLE_PREVIEWS = YES;
				GENERATE_INFOPLIST_FILE = YES;
				INFOPLIST_KEY_UIApplicationSceneManifest_Generation = YES;
				INFOPLIST_KEY_UIApplicationSupportsIndirectInputEvents = YES;
				INFOPLIST_KEY_UILaunchScreen_Generation = YES;
				INFOPLIST_KEY_UISupportedInterfaceOrientations_iPad = "UIInterfaceOrientationPortrait UIInterfaceOrientationPortraitUpsideDown UIInterfaceOrientationLandscapeLeft UIInterfaceOrientationLandscapeRight";
				INFOPLIST_KEY_UISupportedInterfaceOrientations_iPhone = "UIInterfaceOrientationPortrait UIInterfaceOrientationLandscapeLeft UIInterfaceOrientationLandscapeRight";
				LD_RUNPATH_SEARCH_PATHS = (
					"$(inherited)",
					"@executable_path/Frameworks",
				);
				MARKETING_VERSION = 1.0;
				PRODUCT_BUNDLE_IDENTIFIER = com.vhenriquebm.GalaxyMovies.GalaxyMovies;
				PRODUCT_NAME = "$(TARGET_NAME)";
				SWIFT_EMIT_LOC_STRINGS = YES;
				SWIFT_VERSION = 5.0;
				TARGETED_DEVICE_FAMILY = "1,2";
			};
			name = Release;
		};
		42C5777C2DA6C1F900339D92 /* Debug */ = {
			isa = XCBuildConfiguration;
			buildSettings = {
				BUNDLE_LOADER = "$(TEST_HOST)";
				CODE_SIGN_STYLE = Automatic;
				CURRENT_PROJECT_VERSION = 1;
				DEVELOPMENT_TEAM = CTDN3273R3;
				GENERATE_INFOPLIST_FILE = YES;
				IPHONEOS_DEPLOYMENT_TARGET = 18.0;
				MARKETING_VERSION = 1.0;
				PRODUCT_BUNDLE_IDENTIFIER = com.vhenriquebm.GalaxyMovies.GalaxyMoviesTests;
				PRODUCT_NAME = "$(TARGET_NAME)";
				SWIFT_EMIT_LOC_STRINGS = NO;
				SWIFT_VERSION = 5.0;
				TARGETED_DEVICE_FAMILY = "1,2";
				TEST_HOST = "$(BUILT_PRODUCTS_DIR)/GalaxyMovies.app/$(BUNDLE_EXECUTABLE_FOLDER_PATH)/GalaxyMovies";
			};
			name = Debug;
		};
		42C5777D2DA6C1F900339D92 /* Release */ = {
			isa = XCBuildConfiguration;
			buildSettings = {
				BUNDLE_LOADER = "$(TEST_HOST)";
				CODE_SIGN_STYLE = Automatic;
				CURRENT_PROJECT_VERSION = 1;
				DEVELOPMENT_TEAM = CTDN3273R3;
				GENERATE_INFOPLIST_FILE = YES;
				IPHONEOS_DEPLOYMENT_TARGET = 18.0;
				MARKETING_VERSION = 1.0;
				PRODUCT_BUNDLE_IDENTIFIER = com.vhenriquebm.GalaxyMovies.GalaxyMoviesTests;
				PRODUCT_NAME = "$(TARGET_NAME)";
				SWIFT_EMIT_LOC_STRINGS = NO;
				SWIFT_VERSION = 5.0;
				TARGETED_DEVICE_FAMILY = "1,2";
				TEST_HOST = "$(BUILT_PRODUCTS_DIR)/GalaxyMovies.app/$(BUNDLE_EXECUTABLE_FOLDER_PATH)/GalaxyMovies";
			};
			name = Release;
		};
		42C5777F2DA6C1F900339D92 /* Debug */ = {
			isa = XCBuildConfiguration;
			buildSettings = {
				CODE_SIGN_STYLE = Automatic;
				CURRENT_PROJECT_VERSION = 1;
				DEVELOPMENT_TEAM = CTDN3273R3;
				GENERATE_INFOPLIST_FILE = YES;
				MARKETING_VERSION = 1.0;
				PRODUCT_BUNDLE_IDENTIFIER = com.vhenriquebm.GalaxyMovies.GalaxyMoviesUITests;
				PRODUCT_NAME = "$(TARGET_NAME)";
				SWIFT_EMIT_LOC_STRINGS = NO;
				SWIFT_VERSION = 5.0;
				TARGETED_DEVICE_FAMILY = "1,2";
				TEST_TARGET_NAME = GalaxyMovies;
			};
			name = Debug;
		};
		42C577802DA6C1F900339D92 /* Release */ = {
			isa = XCBuildConfiguration;
			buildSettings = {
				CODE_SIGN_STYLE = Automatic;
				CURRENT_PROJECT_VERSION = 1;
				DEVELOPMENT_TEAM = CTDN3273R3;
				GENERATE_INFOPLIST_FILE = YES;
				MARKETING_VERSION = 1.0;
				PRODUCT_BUNDLE_IDENTIFIER = com.vhenriquebm.GalaxyMovies.GalaxyMoviesUITests;
				PRODUCT_NAME = "$(TARGET_NAME)";
				SWIFT_EMIT_LOC_STRINGS = NO;
				SWIFT_VERSION = 5.0;
				TARGETED_DEVICE_FAMILY = "1,2";
				TEST_TARGET_NAME = GalaxyMovies;
			};
			name = Release;
		};
/* End XCBuildConfiguration section */

/* Begin XCConfigurationList section */
		42C5774F2DA6C1F600339D92 /* Build configuration list for PBXProject "GalaxyMovies" */ = {
			isa = XCConfigurationList;
			buildConfigurations = (
				42C577762DA6C1F900339D92 /* Debug */,
				42C577772DA6C1F900339D92 /* Release */,
			);
			defaultConfigurationIsVisible = 0;
			defaultConfigurationName = Release;
		};
		42C577782DA6C1F900339D92 /* Build configuration list for PBXNativeTarget "GalaxyMovies" */ = {
			isa = XCConfigurationList;
			buildConfigurations = (
				42C577792DA6C1F900339D92 /* Debug */,
				42C5777A2DA6C1F900339D92 /* Release */,
			);
			defaultConfigurationIsVisible = 0;
			defaultConfigurationName = Release;
		};
		42C5777B2DA6C1F900339D92 /* Build configuration list for PBXNativeTarget "GalaxyMoviesTests" */ = {
			isa = XCConfigurationList;
			buildConfigurations = (
				42C5777C2DA6C1F900339D92 /* Debug */,
				42C5777D2DA6C1F900339D92 /* Release */,
			);
			defaultConfigurationIsVisible = 0;
			defaultConfigurationName = Release;
		};
		42C5777E2DA6C1F900339D92 /* Build configuration list for PBXNativeTarget "GalaxyMoviesUITests" */ = {
			isa = XCConfigurationList;
			buildConfigurations = (
				42C5777F2DA6C1F900339D92 /* Debug */,
				42C577802DA6C1F900339D92 /* Release */,
			);
			defaultConfigurationIsVisible = 0;
			defaultConfigurationName = Release;
		};
/* End XCConfigurationList section */
	};
	rootObject = 42C5774C2DA6C1F600339D92 /* Project object */;
}
